
Microsoft Visual Studio Solution File, Format Version 12.00
# Visual Studio Version 17
VisualStudioVersion = 17.6.33829.357
MinimumVisualStudioVersion = 10.0.40219.1
Project("{FAE04EC0-301F-11D3-BF4B-00C04F79EFBC}") = "Selenium_Project", "Selenium_Project\Selenium_Project.csproj", "{D573D033-42DD-486B-825E-D20E88192921}"
EndProject
Global
	GlobalSection(SolutionConfigurationPlatforms) = preSolution
		Debug|Any CPU = Debug|Any CPU
		Release|Any CPU = Release|Any CPU
	EndGlobalSection
	GlobalSection(ProjectConfigurationPlatforms) = postSolution
		{D573D033-42DD-486B-825E-D20E88192921}.Debug|Any CPU.ActiveCfg = Debug|Any CPU
		{D573D033-42DD-486B-825E-D20E88192921}.Debug|Any CPU.Build.0 = Debug|Any CPU
		{D573D033-42DD-486B-825E-D20E88192921}.Release|Any CPU.ActiveCfg = Release|Any CPU
		{D573D033-42DD-486B-825E-D20E88192921}.Release|Any CPU.Build.0 = Release|Any CPU
	EndGlobalSection
	GlobalSection(SolutionProperties) = preSolution
		HideSolutionNode = FALSE
	EndGlobalSection
	GlobalSection(ExtensibilityGlobals) = postSolution
		SolutionGuid = {36508F17-4368-4ED9-A135-52CA5C8D9D9E}
	EndGlobalSection
EndGlobal
